
Microsoft Visual Studio Solution File, Format Version 12.00
# Visual Studio Version 17
VisualStudioVersion = 17.0.31512.422
MinimumVisualStudioVersion = 10.0.40219.1
Project("{9A19103F-16F7-4668-BE54-9A1E7A4F7556}") = "FastCASPaxos", "FastCASPaxos.csproj", "{1A5C3AF9-BB6F-47F1-941C-67475839E096}"
EndProject
Global
	GlobalSection(SolutionConfigurationPlatforms) = preSolution
		Debug|Any CPU = Debug|Any CPU
		Release|Any CPU = Release|Any CPU
	EndGlobalSection
	GlobalSection(ProjectConfigurationPlatforms) = postSolution
		{1A5C3AF9-BB6F-47F1-941C-67475839E096}.Debug|Any CPU.ActiveCfg = Debug|Any CPU
		{1A5C3AF9-BB6F-47F1-941C-67475839E096}.Debug|Any CPU.Build.0 = Debug|Any CPU
		{1A5C3AF9-BB6F-47F1-941C-67475839E096}.Release|Any CPU.ActiveCfg = Release|Any CPU
		{1A5C3AF9-BB6F-47F1-941C-67475839E096}.Release|Any CPU.Build.0 = Release|Any CPU
	EndGlobalSection
	GlobalSection(SolutionProperties) = preSolution
		HideSolutionNode = FALSE
	EndGlobalSection
	GlobalSection(ExtensibilityGlobals) = postSolution
		SolutionGuid = {AABABA18-0C6A-4A57-B0DD-4E70FC844F45}
	EndGlobalSection
EndGlobal
